
Microsoft Visual Studio Solution File, Format Version 12.00
# Visual Studio Version 16
VisualStudioVersion = 16.0.31025.194
MinimumVisualStudioVersion = 10.0.40219.1
Project("{2150E333-8FDC-42A3-9474-1A3956D46DE8}") = "0 - Presentation", "0 - Presentation", "{B907CBBD-772D-4D39-9247-DC36FF33A570}"
EndProject
Project("{2150E333-8FDC-42A3-9474-1A3956D46DE8}") = "Blazor", "Blazor", "{CF6DAC9F-8C1A-489A-A046-4AEFFA5B864C}"
EndProject
Project("{2150E333-8FDC-42A3-9474-1A3956D46DE8}") = "1 - Data", "1 - Data", "{65786EBF-C13E-4D35-AD4E-AFBAFAEB26A8}"
EndProject
Project("{2150E333-8FDC-42A3-9474-1A3956D46DE8}") = "1-Repository", "1-Repository", "{BBD123B0-6FA7-435F-AFD7-99F1A2F7AAF8}"
EndProject
Project("{2150E333-8FDC-42A3-9474-1A3956D46DE8}") = "3 - Domain", "3 - Domain", "{2DC873CE-71F5-4867-A5CD-D324E4E03411}"
EndProject
Project("{2150E333-8FDC-42A3-9474-1A3956D46DE8}") = "1 - Application", "1 - Application", "{C8AA82FB-63CC-4D84-B755-C82CA084C0D7}"
EndProject
Project("{2150E333-8FDC-42A3-9474-1A3956D46DE8}") = "4 - Infra", "4 - Infra", "{B470309B-925F-4587-8EEE-0342712394B8}"
EndProject
Project("{2150E333-8FDC-42A3-9474-1A3956D46DE8}") = "2 - Helpers", "2 - Helpers", "{868939BE-DA59-4906-A522-B88793BC41DD}"
EndProject
Project("{9A19103F-16F7-4668-BE54-9A1E7A4F7556}") = "Arima.Client", "Arima\Client\Arima.Client.csproj", "{1601C141-DC15-4A94-8E0A-A3DE53665A5E}"
EndProject
Project("{9A19103F-16F7-4668-BE54-9A1E7A4F7556}") = "Arima.Server", "Arima\Server\Arima.Server.csproj", "{3E814B4F-4079-4904-B51E-280132E91AFA}"
EndProject
Project("{9A19103F-16F7-4668-BE54-9A1E7A4F7556}") = "Arima.Shared", "Arima\Shared\Arima.Shared.csproj", "{FDC59D9B-E1CD-4FEF-808C-CC925C851501}"
EndProject
Project("{9A19103F-16F7-4668-BE54-9A1E7A4F7556}") = "Arima.Application", "Arima.Application\Arima.Application.csproj", "{DE80B5DF-7A4C-423F-BE2B-84E7A5180042}"
EndProject
Project("{9A19103F-16F7-4668-BE54-9A1E7A4F7556}") = "Arima.Domain", "Arima.Domain\Arima.Domain.csproj", "{144BFBD8-7F62-4DDC-B7F1-B3E5A1B4B660}"
EndProject
Project("{9A19103F-16F7-4668-BE54-9A1E7A4F7556}") = "Arima.Data.Repository", "Arima.Data.Repository\Arima.Data.Repository.csproj", "{63F0E620-B24B-478D-BD24-9650821BA546}"
EndProject
Project("{9A19103F-16F7-4668-BE54-9A1E7A4F7556}") = "Arima.Utilitarios", "Arima.Utilitarios\Arima.Utilitarios.csproj", "{EEB3681B-6F9D-44E3-9B11-FB343B5CCC29}"
EndProject
Global
	GlobalSection(SolutionConfigurationPlatforms) = preSolution
		Debug|Any CPU = Debug|Any CPU
		Release|Any CPU = Release|Any CPU
	EndGlobalSection
	GlobalSection(ProjectConfigurationPlatforms) = postSolution
		{1601C141-DC15-4A94-8E0A-A3DE53665A5E}.Debug|Any CPU.ActiveCfg = Debug|Any CPU
		{1601C141-DC15-4A94-8E0A-A3DE53665A5E}.Debug|Any CPU.Build.0 = Debug|Any CPU
		{1601C141-DC15-4A94-8E0A-A3DE53665A5E}.Release|Any CPU.ActiveCfg = Release|Any CPU
		{1601C141-DC15-4A94-8E0A-A3DE53665A5E}.Release|Any CPU.Build.0 = Release|Any CPU
		{3E814B4F-4079-4904-B51E-280132E91AFA}.Debug|Any CPU.ActiveCfg = Debug|Any CPU
		{3E814B4F-4079-4904-B51E-280132E91AFA}.Debug|Any CPU.Build.0 = Debug|Any CPU
		{3E814B4F-4079-4904-B51E-280132E91AFA}.Release|Any CPU.ActiveCfg = Release|Any CPU
		{3E814B4F-4079-4904-B51E-280132E91AFA}.Release|Any CPU.Build.0 = Release|Any CPU
		{FDC59D9B-E1CD-4FEF-808C-CC925C851501}.Debug|Any CPU.ActiveCfg = Debug|Any CPU
		{FDC59D9B-E1CD-4FEF-808C-CC925C851501}.Debug|Any CPU.Build.0 = Debug|Any CPU
		{FDC59D9B-E1CD-4FEF-808C-CC925C851501}.Release|Any CPU.ActiveCfg = Release|Any CPU
		{FDC59D9B-E1CD-4FEF-808C-CC925C851501}.Release|Any CPU.Build.0 = Release|Any CPU
		{DE80B5DF-7A4C-423F-BE2B-84E7A5180042}.Debug|Any CPU.ActiveCfg = Debug|Any CPU
		{DE80B5DF-7A4C-423F-BE2B-84E7A5180042}.Debug|Any CPU.Build.0 = Debug|Any CPU
		{DE80B5DF-7A4C-423F-BE2B-84E7A5180042}.Release|Any CPU.ActiveCfg = Release|Any CPU
		{DE80B5DF-7A4C-423F-BE2B-84E7A5180042}.Release|Any CPU.Build.0 = Release|Any CPU
		{144BFBD8-7F62-4DDC-B7F1-B3E5A1B4B660}.Debug|Any CPU.ActiveCfg = Debug|Any CPU
		{144BFBD8-7F62-4DDC-B7F1-B3E5A1B4B660}.Debug|Any CPU.Build.0 = Debug|Any CPU
		{144BFBD8-7F62-4DDC-B7F1-B3E5A1B4B660}.Release|Any CPU.ActiveCfg = Release|Any CPU
		{144BFBD8-7F62-4DDC-B7F1-B3E5A1B4B660}.Release|Any CPU.Build.0 = Release|Any CPU
		{63F0E620-B24B-478D-BD24-9650821BA546}.Debug|Any CPU.ActiveCfg = Debug|Any CPU
		{63F0E620-B24B-478D-BD24-9650821BA546}.Debug|Any CPU.Build.0 = Debug|Any CPU
		{63F0E620-B24B-478D-BD24-9650821BA546}.Release|Any CPU.ActiveCfg = Release|Any CPU
		{63F0E620-B24B-478D-BD24-9650821BA546}.Release|Any CPU.Build.0 = Release|Any CPU
		{EEB3681B-6F9D-44E3-9B11-FB343B5CCC29}.Debug|Any CPU.ActiveCfg = Debug|Any CPU
		{EEB3681B-6F9D-44E3-9B11-FB343B5CCC29}.Debug|Any CPU.Build.0 = Debug|Any CPU
		{EEB3681B-6F9D-44E3-9B11-FB343B5CCC29}.Release|Any CPU.ActiveCfg = Release|Any CPU
		{EEB3681B-6F9D-44E3-9B11-FB343B5CCC29}.Release|Any CPU.Build.0 = Release|Any CPU
	EndGlobalSection
	GlobalSection(SolutionProperties) = preSolution
		HideSolutionNode = FALSE
	EndGlobalSection
	GlobalSection(NestedProjects) = preSolution
		{CF6DAC9F-8C1A-489A-A046-4AEFFA5B864C} = {B907CBBD-772D-4D39-9247-DC36FF33A570}
		{65786EBF-C13E-4D35-AD4E-AFBAFAEB26A8} = {B470309B-925F-4587-8EEE-0342712394B8}
		{BBD123B0-6FA7-435F-AFD7-99F1A2F7AAF8} = {65786EBF-C13E-4D35-AD4E-AFBAFAEB26A8}
		{868939BE-DA59-4906-A522-B88793BC41DD} = {B470309B-925F-4587-8EEE-0342712394B8}
		{1601C141-DC15-4A94-8E0A-A3DE53665A5E} = {CF6DAC9F-8C1A-489A-A046-4AEFFA5B864C}
		{3E814B4F-4079-4904-B51E-280132E91AFA} = {CF6DAC9F-8C1A-489A-A046-4AEFFA5B864C}
		{FDC59D9B-E1CD-4FEF-808C-CC925C851501} = {CF6DAC9F-8C1A-489A-A046-4AEFFA5B864C}
		{DE80B5DF-7A4C-423F-BE2B-84E7A5180042} = {C8AA82FB-63CC-4D84-B755-C82CA084C0D7}
		{144BFBD8-7F62-4DDC-B7F1-B3E5A1B4B660} = {2DC873CE-71F5-4867-A5CD-D324E4E03411}
		{63F0E620-B24B-478D-BD24-9650821BA546} = {BBD123B0-6FA7-435F-AFD7-99F1A2F7AAF8}
		{EEB3681B-6F9D-44E3-9B11-FB343B5CCC29} = {868939BE-DA59-4906-A522-B88793BC41DD}
	EndGlobalSection
	GlobalSection(ExtensibilityGlobals) = postSolution
		SolutionGuid = {9864C146-7C8E-440C-A2A4-B21C7B994447}
	EndGlobalSection
EndGlobal
